
Microsoft Visual Studio Solution File, Format Version 12.00
# Visual Studio Version 17
VisualStudioVersion = 17.3.32929.385
MinimumVisualStudioVersion = 10.0.40219.1
Project("{8BC9CEB8-8B4A-11D0-8D11-00A0C91BC942}") = "Clase", "Clase\Clase.vcxproj", "{98812612-07F6-4E73-9D4E-EEDBAF169AE6}"
EndProject
Global
	GlobalSection(SolutionConfigurationPlatforms) = preSolution
		Debug|x64 = Debug|x64
		Debug|x86 = Debug|x86
		Release|x64 = Release|x64
		Release|x86 = Release|x86
	EndGlobalSection
	GlobalSection(ProjectConfigurationPlatforms) = postSolution
		{98812612-07F6-4E73-9D4E-EEDBAF169AE6}.Debug|x64.ActiveCfg = Debug|x64
		{98812612-07F6-4E73-9D4E-EEDBAF169AE6}.Debug|x64.Build.0 = Debug|x64
		{98812612-07F6-4E73-9D4E-EEDBAF169AE6}.Debug|x86.ActiveCfg = Debug|Win32
		{98812612-07F6-4E73-9D4E-EEDBAF169AE6}.Debug|x86.Build.0 = Debug|Win32
		{98812612-07F6-4E73-9D4E-EEDBAF169AE6}.Release|x64.ActiveCfg = Release|x64
		{98812612-07F6-4E73-9D4E-EEDBAF169AE6}.Release|x64.Build.0 = Release|x64
		{98812612-07F6-4E73-9D4E-EEDBAF169AE6}.Release|x86.ActiveCfg = Release|Win32
		{98812612-07F6-4E73-9D4E-EEDBAF169AE6}.Release|x86.Build.0 = Release|Win32
	EndGlobalSection
	GlobalSection(SolutionProperties) = preSolution
		HideSolutionNode = FALSE
	EndGlobalSection
	GlobalSection(ExtensibilityGlobals) = postSolution
		SolutionGuid = {EFBFC9F1-455C-490E-82AF-3E2F89C51E60}
	EndGlobalSection
EndGlobal
